// !$*UTF8*$!
{
	archiveVersion = 1;
	classes = {
	};
	objectVersion = 50;
	objects = {

/* Begin PBXBuildFile section */
		52B041DE22480B27007E4F68 /* UIButton+loadingIndicator.swift in Sources */ = {isa = PBXBuildFile; fileRef = 52B041DD22480B27007E4F68 /* UIButton+loadingIndicator.swift */; };
		52B041E022480C69007E4F68 /* Class.swift in Sources */ = {isa = PBXBuildFile; fileRef = 52B041DF22480C69007E4F68 /* Class.swift */; };
		52B041E2224811D7007E4F68 /* CoursesViewCell.swift in Sources */ = {isa = PBXBuildFile; fileRef = 52B041E1224811D7007E4F68 /* CoursesViewCell.swift */; };
		52B041E4224822CC007E4F68 /* AttendanceHistoryTableViewCell.swift in Sources */ = {isa = PBXBuildFile; fileRef = 52B041E3224822CC007E4F68 /* AttendanceHistoryTableViewCell.swift */; };
		52B041E622482AFF007E4F68 /* CourseDetailsViewController.swift in Sources */ = {isa = PBXBuildFile; fileRef = 52B041E522482AFF007E4F68 /* CourseDetailsViewController.swift */; };
		52C522B7223ECEDB00657183 /* LoginViewController.swift in Sources */ = {isa = PBXBuildFile; fileRef = 52C522B6223ECEDB00657183 /* LoginViewController.swift */; };
		52D3845921F3D0F80075E264 /* AppDelegate.swift in Sources */ = {isa = PBXBuildFile; fileRef = 52D3845821F3D0F80075E264 /* AppDelegate.swift */; };
		52D3845B21F3D0F80075E264 /* ViewController.swift in Sources */ = {isa = PBXBuildFile; fileRef = 52D3845A21F3D0F80075E264 /* ViewController.swift */; };
		52D3845E21F3D0F80075E264 /* Main.storyboard in Resources */ = {isa = PBXBuildFile; fileRef = 52D3845C21F3D0F80075E264 /* Main.storyboard */; };
		52D3846021F3D0F90075E264 /* Assets.xcassets in Resources */ = {isa = PBXBuildFile; fileRef = 52D3845F21F3D0F90075E264 /* Assets.xcassets */; };
		52D3846321F3D0F90075E264 /* LaunchScreen.storyboard in Resources */ = {isa = PBXBuildFile; fileRef = 52D3846121F3D0F90075E264 /* LaunchScreen.storyboard */; };
		52E694C12234AC3D00A8BD1E /* User.swift in Sources */ = {isa = PBXBuildFile; fileRef = 52E694C02234AC3D00A8BD1E /* User.swift */; };
		52FEC4682210A70100E75318 /* CoursesViewController.swift in Sources */ = {isa = PBXBuildFile; fileRef = 52FEC4672210A70100E75318 /* CoursesViewController.swift */; };
		52FEC46F2210DC8100E75318 /* MessageUI.framework in Frameworks */ = {isa = PBXBuildFile; fileRef = 52FEC46E2210DC8100E75318 /* MessageUI.framework */; };
/* End PBXBuildFile section */

/* Begin PBXFileReference section */
		52B041DD22480B27007E4F68 /* UIButton+loadingIndicator.swift */ = {isa = PBXFileReference; lastKnownFileType = sourcecode.swift; path = "UIButton+loadingIndicator.swift"; sourceTree = "<group>"; };
		52B041DF22480C69007E4F68 /* Class.swift */ = {isa = PBXFileReference; lastKnownFileType = sourcecode.swift; path = Class.swift; sourceTree = "<group>"; };
		52B041E1224811D7007E4F68 /* CoursesViewCell.swift */ = {isa = PBXFileReference; lastKnownFileType = sourcecode.swift; path = CoursesViewCell.swift; sourceTree = "<group>"; };
		52B041E3224822CC007E4F68 /* AttendanceHistoryTableViewCell.swift */ = {isa = PBXFileReference; lastKnownFileType = sourcecode.swift; path = AttendanceHistoryTableViewCell.swift; sourceTree = "<group>"; };
		52B041E522482AFF007E4F68 /* CourseDetailsViewController.swift */ = {isa = PBXFileReference; lastKnownFileType = sourcecode.swift; path = CourseDetailsViewController.swift; sourceTree = "<group>"; };
		52C522B6223ECEDB00657183 /* LoginViewController.swift */ = {isa = PBXFileReference; lastKnownFileType = sourcecode.swift; name = LoginViewController.swift; path = "Attendance Manager/Controller/LoginViewController.swift"; sourceTree = SOURCE_ROOT; };
		52D3845521F3D0F80075E264 /* Attendance Manager.app */ = {isa = PBXFileReference; explicitFileType = wrapper.application; includeInIndex = 0; path = "Attendance Manager.app"; sourceTree = BUILT_PRODUCTS_DIR; };
		52D3845821F3D0F80075E264 /* AppDelegate.swift */ = {isa = PBXFileReference; lastKnownFileType = sourcecode.swift; path = AppDelegate.swift; sourceTree = "<group>"; };
		52D3845A21F3D0F80075E264 /* ViewController.swift */ = {isa = PBXFileReference; lastKnownFileType = sourcecode.swift; path = ViewController.swift; sourceTree = "<group>"; };
		52D3845D21F3D0F80075E264 /* Base */ = {isa = PBXFileReference; lastKnownFileType = file.storyboard; name = Base; path = Base.lproj/Main.storyboard; sourceTree = "<group>"; };
		52D3845F21F3D0F90075E264 /* Assets.xcassets */ = {isa = PBXFileReference; lastKnownFileType = folder.assetcatalog; path = Assets.xcassets; sourceTree = "<group>"; };
		52D3846221F3D0F90075E264 /* Base */ = {isa = PBXFileReference; lastKnownFileType = file.storyboard; name = Base; path = Base.lproj/LaunchScreen.storyboard; sourceTree = "<group>"; };
		52D3846421F3D0F90075E264 /* Info.plist */ = {isa = PBXFileReference; lastKnownFileType = text.plist.xml; path = Info.plist; sourceTree = "<group>"; };
		52E694C02234AC3D00A8BD1E /* User.swift */ = {isa = PBXFileReference; lastKnownFileType = sourcecode.swift; path = User.swift; sourceTree = "<group>"; };
		52FEC4672210A70100E75318 /* CoursesViewController.swift */ = {isa = PBXFileReference; lastKnownFileType = sourcecode.swift; path = CoursesViewController.swift; sourceTree = "<group>"; };
		52FEC46E2210DC8100E75318 /* MessageUI.framework */ = {isa = PBXFileReference; lastKnownFileType = wrapper.framework; name = MessageUI.framework; path = System/Library/Frameworks/MessageUI.framework; sourceTree = SDKROOT; };
/* End PBXFileReference section */

/* Begin PBXFrameworksBuildPhase section */
		52D3845221F3D0F80075E264 /* Frameworks */ = {
			isa = PBXFrameworksBuildPhase;
			buildActionMask = 2147483647;
			files = (
				52FEC46F2210DC8100E75318 /* MessageUI.framework in Frameworks */,
			);
			runOnlyForDeploymentPostprocessing = 0;
		};
/* End PBXFrameworksBuildPhase section */

/* Begin PBXGroup section */
		525A628A21FE5E500026E410 /* Controller */ = {
			isa = PBXGroup;
			children = (
				52C522B6223ECEDB00657183 /* LoginViewController.swift */,
				52D3845821F3D0F80075E264 /* AppDelegate.swift */,
				52D3845A21F3D0F80075E264 /* ViewController.swift */,
				52FEC4672210A70100E75318 /* CoursesViewController.swift */,
				52B041E522482AFF007E4F68 /* CourseDetailsViewController.swift */,
			);
			path = Controller;
			sourceTree = "<group>";
		};
		525A628B21FE5E6B0026E410 /* Model */ = {
			isa = PBXGroup;
			children = (
				52E694C02234AC3D00A8BD1E /* User.swift */,
				52B041DF22480C69007E4F68 /* Class.swift */,
			);
			path = Model;
			sourceTree = "<group>";
		};
		525A628C21FE5E8C0026E410 /* View */ = {
			isa = PBXGroup;
			children = (
				52D3846121F3D0F90075E264 /* LaunchScreen.storyboard */,
				52D3845C21F3D0F80075E264 /* Main.storyboard */,
				52B041E1224811D7007E4F68 /* CoursesViewCell.swift */,
				52B041E3224822CC007E4F68 /* AttendanceHistoryTableViewCell.swift */,
				52D3845F21F3D0F90075E264 /* Assets.xcassets */,
			);
			path = View;
			sourceTree = "<group>";
		};
		52B041DC22480AEC007E4F68 /* Extensions */ = {
			isa = PBXGroup;
			children = (
				52B041DD22480B27007E4F68 /* UIButton+loadingIndicator.swift */,
			);
			path = Extensions;
			sourceTree = "<group>";
		};
		52D3844C21F3D0F70075E264 = {
			isa = PBXGroup;
			children = (
				52D3845721F3D0F80075E264 /* Attendance Manager */,
				52D3845621F3D0F80075E264 /* Products */,
				52FEC46D2210DC8100E75318 /* Frameworks */,
			);
			sourceTree = "<group>";
		};
		52D3845621F3D0F80075E264 /* Products */ = {
			isa = PBXGroup;
			children = (
				52D3845521F3D0F80075E264 /* Attendance Manager.app */,
			);
			name = Products;
			sourceTree = "<group>";
		};
		52D3845721F3D0F80075E264 /* Attendance Manager */ = {
			isa = PBXGroup;
			children = (
				52B041DC22480AEC007E4F68 /* Extensions */,
				525A628C21FE5E8C0026E410 /* View */,
				525A628A21FE5E500026E410 /* Controller */,
				525A628B21FE5E6B0026E410 /* Model */,
				52D3846421F3D0F90075E264 /* Info.plist */,
			);
			path = "Attendance Manager";
			sourceTree = "<group>";
		};
		52FEC46D2210DC8100E75318 /* Frameworks */ = {
			isa = PBXGroup;
			children = (
				52FEC46E2210DC8100E75318 /* MessageUI.framework */,
			);
			name = Frameworks;
			sourceTree = "<group>";
		};
/* End PBXGroup section */

/* Begin PBXNativeTarget section */
		52D3845421F3D0F80075E264 /* Attendance Manager */ = {
			isa = PBXNativeTarget;
			buildConfigurationList = 52D3846721F3D0F90075E264 /* Build configuration list for PBXNativeTarget "Attendance Manager" */;
			buildPhases = (
				52D3845121F3D0F80075E264 /* Sources */,
				52D3845221F3D0F80075E264 /* Frameworks */,
				52D3845321F3D0F80075E264 /* Resources */,
			);
			buildRules = (
			);
			dependencies = (
			);
			name = "Attendance Manager";
			productName = "Attendance Manager";
			productReference = 52D3845521F3D0F80075E264 /* Attendance Manager.app */;
			productType = "com.apple.product-type.application";
		};
/* End PBXNativeTarget section */

/* Begin PBXProject section */
		52D3844D21F3D0F70075E264 /* Project object */ = {
			isa = PBXProject;
			attributes = {
				LastSwiftUpdateCheck = 1010;
				LastUpgradeCheck = 1010;
				ORGANIZATIONNAME = "PSU Attendance Management Team";
				TargetAttributes = {
					52D3845421F3D0F80075E264 = {
						CreatedOnToolsVersion = 10.1;
					};
				};
			};
			buildConfigurationList = 52D3845021F3D0F70075E264 /* Build configuration list for PBXProject "Attendance Manager" */;
			compatibilityVersion = "Xcode 9.3";
			developmentRegion = en;
			hasScannedForEncodings = 0;
			knownRegions = (
				en,
				Base,
			);
			mainGroup = 52D3844C21F3D0F70075E264;
			productRefGroup = 52D3845621F3D0F80075E264 /* Products */;
			projectDirPath = "";
			projectRoot = "";
			targets = (
				52D3845421F3D0F80075E264 /* Attendance Manager */,
			);
		};
/* End PBXProject section */

/* Begin PBXResourcesBuildPhase section */
		52D3845321F3D0F80075E264 /* Resources */ = {
			isa = PBXResourcesBuildPhase;
			buildActionMask = 2147483647;
			files = (
				52D3846321F3D0F90075E264 /* LaunchScreen.storyboard in Resources */,
				52D3846021F3D0F90075E264 /* Assets.xcassets in Resources */,
				52D3845E21F3D0F80075E264 /* Main.storyboard in Resources */,
			);
			runOnlyForDeploymentPostprocessing = 0;
		};
/* End PBXResourcesBuildPhase section */

/* Begin PBXSourcesBuildPhase section */
		52D3845121F3D0F80075E264 /* Sources */ = {
			isa = PBXSourcesBuildPhase;
			buildActionMask = 2147483647;
			files = (
				52C522B7223ECEDB00657183 /* LoginViewController.swift in Sources */,
				52D3845B21F3D0F80075E264 /* ViewController.swift in Sources */,
				52B041E2224811D7007E4F68 /* CoursesViewCell.swift in Sources */,
				52D3845921F3D0F80075E264 /* AppDelegate.swift in Sources */,
				52B041E4224822CC007E4F68 /* AttendanceHistoryTableViewCell.swift in Sources */,
				52B041E022480C69007E4F68 /* Class.swift in Sources */,
				52E694C12234AC3D00A8BD1E /* User.swift in Sources */,
				52B041E622482AFF007E4F68 /* CourseDetailsViewController.swift in Sources */,
				52B041DE22480B27007E4F68 /* UIButton+loadingIndicator.swift in Sources */,
				52FEC4682210A70100E75318 /* CoursesViewController.swift in Sources */,
			);
			runOnlyForDeploymentPostprocessing = 0;
		};
/* End PBXSourcesBuildPhase section */

/* Begin PBXVariantGroup section */
		52D3845C21F3D0F80075E264 /* Main.storyboard */ = {
			isa = PBXVariantGroup;
			children = (
				52D3845D21F3D0F80075E264 /* Base */,
			);
			name = Main.storyboard;
			sourceTree = "<group>";
		};
		52D3846121F3D0F90075E264 /* LaunchScreen.storyboard */ = {
			isa = PBXVariantGroup;
			children = (
				52D3846221F3D0F90075E264 /* Base */,
			);
			name = LaunchScreen.storyboard;
			sourceTree = "<group>";
		};
/* End PBXVariantGroup section */

/* Begin XCBuildConfiguration section */
		52D3846521F3D0F90075E264 /* Debug */ = {
			isa = XCBuildConfiguration;
			buildSettings = {
				ALWAYS_SEARCH_USER_PATHS = NO;
				CLANG_ANALYZER_NONNULL = YES;
				CLANG_ANALYZER_NUMBER_OBJECT_CONVERSION = YES_AGGRESSIVE;
				CLANG_CXX_LANGUAGE_STANDARD = "gnu++14";
				CLANG_CXX_LIBRARY = "libc++";
				CLANG_ENABLE_MODULES = YES;
				CLANG_ENABLE_OBJC_ARC = YES;
				CLANG_ENABLE_OBJC_WEAK = YES;
				CLANG_WARN_BLOCK_CAPTURE_AUTORELEASING = YES;
				CLANG_WARN_BOOL_CONVERSION = YES;
				CLANG_WARN_COMMA = YES;
				CLANG_WARN_CONSTANT_CONVERSION = YES;
				CLANG_WARN_DEPRECATED_OBJC_IMPLEMENTATIONS = YES;
				CLANG_WARN_DIRECT_OBJC_ISA_USAGE = YES_ERROR;
				CLANG_WARN_DOCUMENTATION_COMMENTS = YES;
				CLANG_WARN_EMPTY_BODY = YES;
				CLANG_WARN_ENUM_CONVERSION = YES;
				CLANG_WARN_INFINITE_RECURSION = YES;
				CLANG_WARN_INT_CONVERSION = YES;
				CLANG_WARN_NON_LITERAL_NULL_CONVERSION = YES;
				CLANG_WARN_OBJC_IMPLICIT_RETAIN_SELF = YES;
				CLANG_WARN_OBJC_LITERAL_CONVERSION = YES;
				CLANG_WARN_OBJC_ROOT_CLASS = YES_ERROR;
				CLANG_WARN_RANGE_LOOP_ANALYSIS = YES;
				CLANG_WARN_STRICT_PROTOTYPES = YES;
				CLANG_WARN_SUSPICIOUS_MOVE = YES;
				CLANG_WARN_UNGUARDED_AVAILABILITY = YES_AGGRESSIVE;
				CLANG_WARN_UNREACHABLE_CODE = YES;
				CLANG_WARN__DUPLICATE_METHOD_MATCH = YES;
				CODE_SIGN_IDENTITY = "iPhone Developer";
				COPY_PHASE_STRIP = NO;
				DEBUG_INFORMATION_FORMAT = dwarf;
				ENABLE_STRICT_OBJC_MSGSEND = YES;
				ENABLE_TESTABILITY = YES;
				GCC_C_LANGUAGE_STANDARD = gnu11;
				GCC_DYNAMIC_NO_PIC = NO;
				GCC_NO_COMMON_BLOCKS = YES;
				GCC_OPTIMIZATION_LEVEL = 0;
				GCC_PREPROCESSOR_DEFINITIONS = (
					"DEBUG=1",
					"$(inherited)",
				);
				GCC_WARN_64_TO_32_BIT_CONVERSION = YES;
				GCC_WARN_ABOUT_RETURN_TYPE = YES_ERROR;
				GCC_WARN_UNDECLARED_SELECTOR = YES;
				GCC_WARN_UNINITIALIZED_AUTOS = YES_AGGRESSIVE;
				GCC_WARN_UNUSED_FUNCTION = YES;
				GCC_WARN_UNUSED_VARIABLE = YES;
				IPHONEOS_DEPLOYMENT_TARGET = 12.1;
				MTL_ENABLE_DEBUG_INFO = INCLUDE_SOURCE;
				MTL_FAST_MATH = YES;
				ONLY_ACTIVE_ARCH = YES;
				SDKROOT = iphoneos;
				SWIFT_ACTIVE_COMPILATION_CONDITIONS = DEBUG;
				SWIFT_OPTIMIZATION_LEVEL = "-Onone";
			};
			name = Debug;
		};
		52D3846621F3D0F90075E264 /* Release */ = {
			isa = XCBuildConfiguration;
			buildSettings = {
				ALWAYS_SEARCH_USER_PATHS = NO;
				CLANG_ANALYZER_NONNULL = YES;
				CLANG_ANALYZER_NUMBER_OBJECT_CONVERSION = YES_AGGRESSIVE;
				CLANG_CXX_LANGUAGE_STANDARD = "gnu++14";
				CLANG_CXX_LIBRARY = "libc++";
				CLANG_ENABLE_MODULES = YES;
				CLANG_ENABLE_OBJC_ARC = YES;
				CLANG_ENABLE_OBJC_WEAK = YES;
				CLANG_WARN_BLOCK_CAPTURE_AUTORELEASING = YES;
				CLANG_WARN_BOOL_CONVERSION = YES;
				CLANG_WARN_COMMA = YES;
				CLANG_WARN_CONSTANT_CONVERSION = YES;
				CLANG_WARN_DEPRECATED_OBJC_IMPLEMENTATIONS = YES;
				CLANG_WARN_DIRECT_OBJC_ISA_USAGE = YES_ERROR;
				CLANG_WARN_DOCUMENTATION_COMMENTS = YES;
				CLANG_WARN_EMPTY_BODY = YES;
				CLANG_WARN_ENUM_CONVERSION = YES;
				CLANG_WARN_INFINITE_RECURSION = YES;
				CLANG_WARN_INT_CONVERSION = YES;
				CLANG_WARN_NON_LITERAL_NULL_CONVERSION = YES;
				CLANG_WARN_OBJC_IMPLICIT_RETAIN_SELF = YES;
				CLANG_WARN_OBJC_LITERAL_CONVERSION = YES;
				CLANG_WARN_OBJC_ROOT_CLASS = YES_ERROR;
				CLANG_WARN_RANGE_LOOP_ANALYSIS = YES;
				CLANG_WARN_STRICT_PROTOTYPES = YES;
				CLANG_WARN_SUSPICIOUS_MOVE = YES;
				CLANG_WARN_UNGUARDED_AVAILABILITY = YES_AGGRESSIVE;
				CLANG_WARN_UNREACHABLE_CODE = YES;
				CLANG_WARN__DUPLICATE_METHOD_MATCH = YES;
				CODE_SIGN_IDENTITY = "iPhone Developer";
				COPY_PHASE_STRIP = NO;
				DEBUG_INFORMATION_FORMAT = "dwarf-with-dsym";
				ENABLE_NS_ASSERTIONS = NO;
				ENABLE_STRICT_OBJC_MSGSEND = YES;
				GCC_C_LANGUAGE_STANDARD = gnu11;
				GCC_NO_COMMON_BLOCKS = YES;
				GCC_WARN_64_TO_32_BIT_CONVERSION = YES;
				GCC_WARN_ABOUT_RETURN_TYPE = YES_ERROR;
				GCC_WARN_UNDECLARED_SELECTOR = YES;
				GCC_WARN_UNINITIALIZED_AUTOS = YES_AGGRESSIVE;
				GCC_WARN_UNUSED_FUNCTION = YES;
				GCC_WARN_UNUSED_VARIABLE = YES;
				IPHONEOS_DEPLOYMENT_TARGET = 12.1;
				MTL_ENABLE_DEBUG_INFO = NO;
				MTL_FAST_MATH = YES;
				SDKROOT = iphoneos;
				SWIFT_COMPILATION_MODE = wholemodule;
				SWIFT_OPTIMIZATION_LEVEL = "-O";
				VALIDATE_PRODUCT = YES;
			};
			name = Release;
		};
		52D3846821F3D0F90075E264 /* Debug */ = {
			isa = XCBuildConfiguration;
			buildSettings = {
				ASSETCATALOG_COMPILER_APPICON_NAME = AppIcon;
				CODE_SIGN_STYLE = Automatic;
				DEVELOPMENT_TEAM = C4THHBSNZ9;
				INFOPLIST_FILE = "Attendance Manager/Info.plist";
				LD_RUNPATH_SEARCH_PATHS = (
					"$(inherited)",
					"@executable_path/Frameworks",
				);
				PRODUCT_BUNDLE_IDENTIFIER = "com.PSUAMT.Attendance-Manager";
				PRODUCT_NAME = "$(TARGET_NAME)";
				SWIFT_VERSION = 4.2;
				TARGETED_DEVICE_FAMILY = "1,2";
			};
			name = Debug;
		};
		52D3846921F3D0F90075E264 /* Release */ = {
			isa = XCBuildConfiguration;
			buildSettings = {
				ASSETCATALOG_COMPILER_APPICON_NAME = AppIcon;
				CODE_SIGN_STYLE = Automatic;
				DEVELOPMENT_TEAM = C4THHBSNZ9;
				INFOPLIST_FILE = "Attendance Manager/Info.plist";
				LD_RUNPATH_SEARCH_PATHS = (
					"$(inherited)",
					"@executable_path/Frameworks",
				);
				PRODUCT_BUNDLE_IDENTIFIER = "com.PSUAMT.Attendance-Manager";
				PRODUCT_NAME = "$(TARGET_NAME)";
				SWIFT_VERSION = 4.2;
				TARGETED_DEVICE_FAMILY = "1,2";
			};
			name = Release;
		};
/* End XCBuildConfiguration section */

/* Begin XCConfigurationList section */
		52D3845021F3D0F70075E264 /* Build configuration list for PBXProject "Attendance Manager" */ = {
			isa = XCConfigurationList;
			buildConfigurations = (
				52D3846521F3D0F90075E264 /* Debug */,
				52D3846621F3D0F90075E264 /* Release */,
			);
			defaultConfigurationIsVisible = 0;
			defaultConfigurationName = Release;
		};
		52D3846721F3D0F90075E264 /* Build configuration list for PBXNativeTarget "Attendance Manager" */ = {
			isa = XCConfigurationList;
			buildConfigurations = (
				52D3846821F3D0F90075E264 /* Debug */,
				52D3846921F3D0F90075E264 /* Release */,
			);
			defaultConfigurationIsVisible = 0;
			defaultConfigurationName = Release;
		};
/* End XCConfigurationList section */
	};
	rootObject = 52D3844D21F3D0F70075E264 /* Project object */;
}
